
Microsoft Visual Studio Solution File, Format Version 12.00
# Visual Studio Version 17
VisualStudioVersion = 17.4.33213.308
MinimumVisualStudioVersion = 10.0.40219.1
Project("{FAE04EC0-301F-11D3-BF4B-00C04F79EFBC}") = "epexgui", "epexgui\epexgui.csproj", "{E4F30527-D553-4E63-8E00-5A8FB82C3034}"
EndProject
Global
	GlobalSection(SolutionConfigurationPlatforms) = preSolution
		Debug|Any CPU = Debug|Any CPU
		Release|Any CPU = Release|Any CPU
	EndGlobalSection
	GlobalSection(ProjectConfigurationPlatforms) = postSolution
		{E4F30527-D553-4E63-8E00-5A8FB82C3034}.Debug|Any CPU.ActiveCfg = Debug|Any CPU
		{E4F30527-D553-4E63-8E00-5A8FB82C3034}.Debug|Any CPU.Build.0 = Debug|Any CPU
		{E4F30527-D553-4E63-8E00-5A8FB82C3034}.Release|Any CPU.ActiveCfg = Release|Any CPU
		{E4F30527-D553-4E63-8E00-5A8FB82C3034}.Release|Any CPU.Build.0 = Release|Any CPU
	EndGlobalSection
	GlobalSection(SolutionProperties) = preSolution
		HideSolutionNode = FALSE
	EndGlobalSection
	GlobalSection(ExtensibilityGlobals) = postSolution
		SolutionGuid = {8D37DF6A-954A-4993-A628-559D6887401D}
	EndGlobalSection
EndGlobal
